
Microsoft Visual Studio Solution File, Format Version 12.00
# Visual Studio Version 16
VisualStudioVersion = 16.0.31005.135
MinimumVisualStudioVersion = 10.0.40219.1
Project("{8BC9CEB8-8B4A-11D0-8D11-00A0C91BC942}") = "Excercise11", "Excercise11\Excercise11.vcxproj", "{C6C899C8-E081-4374-8DCE-F11FC3B0E9D7}"
EndProject
Global
	GlobalSection(SolutionConfigurationPlatforms) = preSolution
		Debug|x64 = Debug|x64
		Debug|x86 = Debug|x86
		Release|x64 = Release|x64
		Release|x86 = Release|x86
	EndGlobalSection
	GlobalSection(ProjectConfigurationPlatforms) = postSolution
		{C6C899C8-E081-4374-8DCE-F11FC3B0E9D7}.Debug|x64.ActiveCfg = Debug|x64
		{C6C899C8-E081-4374-8DCE-F11FC3B0E9D7}.Debug|x64.Build.0 = Debug|x64
		{C6C899C8-E081-4374-8DCE-F11FC3B0E9D7}.Debug|x86.ActiveCfg = Debug|Win32
		{C6C899C8-E081-4374-8DCE-F11FC3B0E9D7}.Debug|x86.Build.0 = Debug|Win32
		{C6C899C8-E081-4374-8DCE-F11FC3B0E9D7}.Release|x64.ActiveCfg = Release|x64
		{C6C899C8-E081-4374-8DCE-F11FC3B0E9D7}.Release|x64.Build.0 = Release|x64
		{C6C899C8-E081-4374-8DCE-F11FC3B0E9D7}.Release|x86.ActiveCfg = Release|Win32
		{C6C899C8-E081-4374-8DCE-F11FC3B0E9D7}.Release|x86.Build.0 = Release|Win32
	EndGlobalSection
	GlobalSection(SolutionProperties) = preSolution
		HideSolutionNode = FALSE
	EndGlobalSection
	GlobalSection(ExtensibilityGlobals) = postSolution
		SolutionGuid = {CEEAD549-EFE1-4637-A32A-262F0749A090}
	EndGlobalSection
EndGlobal
